
Microsoft Visual Studio Solution File, Format Version 12.00
# Visual Studio 15
VisualStudioVersion = 15.0.27428.2005
MinimumVisualStudioVersion = 10.0.40219.1
Project("{FAE04EC0-301F-11D3-BF4B-00C04F79EFBC}") = "CoreTestApp", "CoreTestApp\CoreTestApp.csproj", "{7E68BDB9-C5C6-4BB6-8AF8-0229369D85EA}"
EndProject
Global
	GlobalSection(SolutionConfigurationPlatforms) = preSolution
		Debug|Any CPU = Debug|Any CPU
		Release|Any CPU = Release|Any CPU
	EndGlobalSection
	GlobalSection(ProjectConfigurationPlatforms) = postSolution
		{7E68BDB9-C5C6-4BB6-8AF8-0229369D85EA}.Debug|Any CPU.ActiveCfg = Debug|Any CPU
		{7E68BDB9-C5C6-4BB6-8AF8-0229369D85EA}.Debug|Any CPU.Build.0 = Debug|Any CPU
		{7E68BDB9-C5C6-4BB6-8AF8-0229369D85EA}.Release|Any CPU.ActiveCfg = Release|Any CPU
		{7E68BDB9-C5C6-4BB6-8AF8-0229369D85EA}.Release|Any CPU.Build.0 = Release|Any CPU
	EndGlobalSection
	GlobalSection(SolutionProperties) = preSolution
		HideSolutionNode = FALSE
	EndGlobalSection
	GlobalSection(ExtensibilityGlobals) = postSolution
		SolutionGuid = {F57E8E37-1FAF-46C4-94A0-A13A26F72FDC}
	EndGlobalSection
EndGlobal
